
Microsoft Visual Studio Solution File, Format Version 12.00
# Visual Studio Version 18
VisualStudioVersion = 18.6.11819.183 stable
MinimumVisualStudioVersion = 10.0.40219.1
Project("{FAE04EC0-301F-11D3-BF4B-00C04F79EFBC}") = "Lyrictified.Server", "Lyrictified.Server.csproj", "{86156088-107D-86DF-3A6A-FD803FA4FCB9}"
EndProject
Global
	GlobalSection(SolutionConfigurationPlatforms) = preSolution
		Debug|Any CPU = Debug|Any CPU
		Release|Any CPU = Release|Any CPU
	EndGlobalSection
	GlobalSection(ProjectConfigurationPlatforms) = postSolution
		{86156088-107D-86DF-3A6A-FD803FA4FCB9}.Debug|Any CPU.ActiveCfg = Debug|Any CPU
		{86156088-107D-86DF-3A6A-FD803FA4FCB9}.Debug|Any CPU.Build.0 = Debug|Any CPU
		{86156088-107D-86DF-3A6A-FD803FA4FCB9}.Release|Any CPU.ActiveCfg = Release|Any CPU
		{86156088-107D-86DF-3A6A-FD803FA4FCB9}.Release|Any CPU.Build.0 = Release|Any CPU
	EndGlobalSection
	GlobalSection(SolutionProperties) = preSolution
		HideSolutionNode = FALSE
	EndGlobalSection
	GlobalSection(ExtensibilityGlobals) = postSolution
		SolutionGuid = {67C9C4B5-9616-4758-AE1E-9BAEA9BEB8AF}
	EndGlobalSection
EndGlobal
